// !$*UTF8*$!
{
	archiveVersion = 1;
	classes = {
	};
	objectVersion = 46;
	objects = {

/* Begin PBXBuildFile section */
		E40120DB1D15224C0032B4D3 /* main.m in Sources */ = {isa = PBXBuildFile; fileRef = E40120DA1D15224C0032B4D3 /* main.m */; };
		E40120DE1D15224C0032B4D3 /* AppDelegate.m in Sources */ = {isa = PBXBuildFile; fileRef = E40120DD1D15224C0032B4D3 /* AppDelegate.m */; };
		E40120E11D15224C0032B4D3 /* ViewController.m in Sources */ = {isa = PBXBuildFile; fileRef = E40120E01D15224C0032B4D3 /* ViewController.m */; };
		E40120E61D15224C0032B4D3 /* Assets.xcassets in Resources */ = {isa = PBXBuildFile; fileRef = E40120E51D15224C0032B4D3 /* Assets.xcassets */; };
		E40120E91D15224C0032B4D3 /* LaunchScreen.storyboard in Resources */ = {isa = PBXBuildFile; fileRef = E40120E71D15224C0032B4D3 /* LaunchScreen.storyboard */; };
		E40120F41D15224C0032B4D3 /* Fuzzy_QueryTests.m in Sources */ = {isa = PBXBuildFile; fileRef = E40120F31D15224C0032B4D3 /* Fuzzy_QueryTests.m */; };
		E40120FF1D15224C0032B4D3 /* Fuzzy_QueryUITests.m in Sources */ = {isa = PBXBuildFile; fileRef = E40120FE1D15224C0032B4D3 /* Fuzzy_QueryUITests.m */; };
		E401210F1D1524480032B4D3 /* CGContact.m in Sources */ = {isa = PBXBuildFile; fileRef = E401210E1D1524480032B4D3 /* CGContact.m */; };
		E40121131D1524970032B4D3 /* CGContactTool.m in Sources */ = {isa = PBXBuildFile; fileRef = E40121121D1524970032B4D3 /* CGContactTool.m */; };
		E40121161D1525F10032B4D3 /* LaunchScreen.xib in Resources */ = {isa = PBXBuildFile; fileRef = E40121141D1525F10032B4D3 /* LaunchScreen.xib */; };
		E40121191D1526050032B4D3 /* Main.storyboard in Resources */ = {isa = PBXBuildFile; fileRef = E40121171D1526050032B4D3 /* Main.storyboard */; };
/* End PBXBuildFile section */

/* Begin PBXContainerItemProxy section */
		E40120F01D15224C0032B4D3 /* PBXContainerItemProxy */ = {
			isa = PBXContainerItemProxy;
			containerPortal = E40120CE1D15224C0032B4D3 /* Project object */;
			proxyType = 1;
			remoteGlobalIDString = E40120D51D15224C0032B4D3;
			remoteInfo = "Fuzzy Query";
		};
		E40120FB1D15224C0032B4D3 /* PBXContainerItemProxy */ = {
			isa = PBXContainerItemProxy;
			containerPortal = E40120CE1D15224C0032B4D3 /* Project object */;
			proxyType = 1;
			remoteGlobalIDString = E40120D51D15224C0032B4D3;
			remoteInfo = "Fuzzy Query";
		};
/* End PBXContainerItemProxy section */

/* Begin PBXFileReference section */
		E40120D61D15224C0032B4D3 /* Fuzzy Query.app */ = {isa = PBXFileReference; explicitFileType = wrapper.application; includeInIndex = 0; path = "Fuzzy Query.app"; sourceTree = BUILT_PRODUCTS_DIR; };
		E40120DA1D15224C0032B4D3 /* main.m */ = {isa = PBXFileReference; lastKnownFileType = sourcecode.c.objc; path = main.m; sourceTree = "<group>"; };
		E40120DC1D15224C0032B4D3 /* AppDelegate.h */ = {isa = PBXFileReference; lastKnownFileType = sourcecode.c.h; path = AppDelegate.h; sourceTree = "<group>"; };
		E40120DD1D15224C0032B4D3 /* AppDelegate.m */ = {isa = PBXFileReference; lastKnownFileType = sourcecode.c.objc; path = AppDelegate.m; sourceTree = "<group>"; };
		E40120DF1D15224C0032B4D3 /* ViewController.h */ = {isa = PBXFileReference; lastKnownFileType = sourcecode.c.h; path = ViewController.h; sourceTree = "<group>"; };
		E40120E01D15224C0032B4D3 /* ViewController.m */ = {isa = PBXFileReference; lastKnownFileType = sourcecode.c.objc; path = ViewController.m; sourceTree = "<group>"; };
		E40120E51D15224C0032B4D3 /* Assets.xcassets */ = {isa = PBXFileReference; lastKnownFileType = folder.assetcatalog; path = Assets.xcassets; sourceTree = "<group>"; };
		E40120E81D15224C0032B4D3 /* Base */ = {isa = PBXFileReference; lastKnownFileType = file.storyboard; name = Base; path = Base.lproj/LaunchScreen.storyboard; sourceTree = "<group>"; };
		E40120EA1D15224C0032B4D3 /* Info.plist */ = {isa = PBXFileReference; lastKnownFileType = text.plist.xml; path = Info.plist; sourceTree = "<group>"; };
		E40120EF1D15224C0032B4D3 /* Fuzzy QueryTests.xctest */ = {isa = PBXFileReference; explicitFileType = wrapper.cfbundle; includeInIndex = 0; path = "Fuzzy QueryTests.xctest"; sourceTree = BUILT_PRODUCTS_DIR; };
		E40120F31D15224C0032B4D3 /* Fuzzy_QueryTests.m */ = {isa = PBXFileReference; lastKnownFileType = sourcecode.c.objc; path = Fuzzy_QueryTests.m; sourceTree = "<group>"; };
		E40120F51D15224C0032B4D3 /* Info.plist */ = {isa = PBXFileReference; lastKnownFileType = text.plist.xml; path = Info.plist; sourceTree = "<group>"; };
		E40120FA1D15224C0032B4D3 /* Fuzzy QueryUITests.xctest */ = {isa = PBXFileReference; explicitFileType = wrapper.cfbundle; includeInIndex = 0; path = "Fuzzy QueryUITests.xctest"; sourceTree = BUILT_PRODUCTS_DIR; };
		E40120FE1D15224C0032B4D3 /* Fuzzy_QueryUITests.m */ = {isa = PBXFileReference; lastKnownFileType = sourcecode.c.objc; path = Fuzzy_QueryUITests.m; sourceTree = "<group>"; };
		E40121001D15224C0032B4D3 /* Info.plist */ = {isa = PBXFileReference; lastKnownFileType = text.plist.xml; path = Info.plist; sourceTree = "<group>"; };
		E401210E1D1524480032B4D3 /* CGContact.m */ = {isa = PBXFileReference; fileEncoding = 4; lastKnownFileType = sourcecode.c.objc; path = CGContact.m; sourceTree = "<group>"; };
		E40121101D1524520032B4D3 /* CGContact.h */ = {isa = PBXFileReference; lastKnownFileType = sourcecode.c.h; path = CGContact.h; sourceTree = "<group>"; };
		E40121111D15248F0032B4D3 /* CGContactTool.h */ = {isa = PBXFileReference; lastKnownFileType = sourcecode.c.h; path = CGContactTool.h; sourceTree = "<group>"; };
		E40121121D1524970032B4D3 /* CGContactTool.m */ = {isa = PBXFileReference; fileEncoding = 4; lastKnownFileType = sourcecode.c.objc; path = CGContactTool.m; sourceTree = "<group>"; };
		E40121151D1525F10032B4D3 /* Base */ = {isa = PBXFileReference; lastKnownFileType = file.xib; name = Base; path = "../../../../../../../Downloads/02-模糊查询/02-模糊查询/Base.lproj/LaunchScreen.xib"; sourceTree = "<group>"; };
		E40121181D1526050032B4D3 /* Base */ = {isa = PBXFileReference; lastKnownFileType = file.storyboard; name = Base; path = "../../../../../../../Downloads/02-模糊查询/02-模糊查询/Base.lproj/Main.storyboard"; sourceTree = "<group>"; };
/* End PBXFileReference section */

/* Begin PBXFrameworksBuildPhase section */
		E40120D31D15224C0032B4D3 /* Frameworks */ = {
			isa = PBXFrameworksBuildPhase;
			buildActionMask = 2147483647;
			files = (
			);
			runOnlyForDeploymentPostprocessing = 0;
		};
		E40120EC1D15224C0032B4D3 /* Frameworks */ = {
			isa = PBXFrameworksBuildPhase;
			buildActionMask = 2147483647;
			files = (
			);
			runOnlyForDeploymentPostprocessing = 0;
		};
		E40120F71D15224C0032B4D3 /* Frameworks */ = {
			isa = PBXFrameworksBuildPhase;
			buildActionMask = 2147483647;
			files = (
			);
			runOnlyForDeploymentPostprocessing = 0;
		};
/* End PBXFrameworksBuildPhase section */

/* Begin PBXGroup section */
		E40120CD1D15224C0032B4D3 = {
			isa = PBXGroup;
			children = (
				E40120D81D15224C0032B4D3 /* Fuzzy Query */,
				E40120F21D15224C0032B4D3 /* Fuzzy QueryTests */,
				E40120FD1D15224C0032B4D3 /* Fuzzy QueryUITests */,
				E40120D71D15224C0032B4D3 /* Products */,
			);
			sourceTree = "<group>";
		};
		E40120D71D15224C0032B4D3 /* Products */ = {
			isa = PBXGroup;
			children = (
				E40120D61D15224C0032B4D3 /* Fuzzy Query.app */,
				E40120EF1D15224C0032B4D3 /* Fuzzy QueryTests.xctest */,
				E40120FA1D15224C0032B4D3 /* Fuzzy QueryUITests.xctest */,
			);
			name = Products;
			sourceTree = "<group>";
		};
		E40120D81D15224C0032B4D3 /* Fuzzy Query */ = {
			isa = PBXGroup;
			children = (
				E40120DC1D15224C0032B4D3 /* AppDelegate.h */,
				E40120DD1D15224C0032B4D3 /* AppDelegate.m */,
				E40120DF1D15224C0032B4D3 /* ViewController.h */,
				E40120E01D15224C0032B4D3 /* ViewController.m */,
				E401210E1D1524480032B4D3 /* CGContact.m */,
				E40121101D1524520032B4D3 /* CGContact.h */,
				E40121111D15248F0032B4D3 /* CGContactTool.h */,
				E40121121D1524970032B4D3 /* CGContactTool.m */,
				E40121171D1526050032B4D3 /* Main.storyboard */,
				E40120E51D15224C0032B4D3 /* Assets.xcassets */,
				E40121141D1525F10032B4D3 /* LaunchScreen.xib */,
				E40120E71D15224C0032B4D3 /* LaunchScreen.storyboard */,
				E40120EA1D15224C0032B4D3 /* Info.plist */,
				E40120D91D15224C0032B4D3 /* Supporting Files */,
			);
			path = "Fuzzy Query";
			sourceTree = "<group>";
		};
		E40120D91D15224C0032B4D3 /* Supporting Files */ = {
			isa = PBXGroup;
			children = (
				E40120DA1D15224C0032B4D3 /* main.m */,
			);
			name = "Supporting Files";
			sourceTree = "<group>";
		};
		E40120F21D15224C0032B4D3 /* Fuzzy QueryTests */ = {
			isa = PBXGroup;
			children = (
				E40120F31D15224C0032B4D3 /* Fuzzy_QueryTests.m */,
				E40120F51D15224C0032B4D3 /* Info.plist */,
			);
			path = "Fuzzy QueryTests";
			sourceTree = "<group>";
		};
		E40120FD1D15224C0032B4D3 /* Fuzzy QueryUITests */ = {
			isa = PBXGroup;
			children = (
				E40120FE1D15224C0032B4D3 /* Fuzzy_QueryUITests.m */,
				E40121001D15224C0032B4D3 /* Info.plist */,
			);
			path = "Fuzzy QueryUITests";
			sourceTree = "<group>";
		};
/* End PBXGroup section */

/* Begin PBXNativeTarget section */
		E40120D51D15224C0032B4D3 /* Fuzzy Query */ = {
			isa = PBXNativeTarget;
			buildConfigurationList = E40121031D15224C0032B4D3 /* Build configuration list for PBXNativeTarget "Fuzzy Query" */;
			buildPhases = (
				E40120D21D15224C0032B4D3 /* Sources */,
				E40120D31D15224C0032B4D3 /* Frameworks */,
				E40120D41D15224C0032B4D3 /* Resources */,
			);
			buildRules = (
			);
			dependencies = (
			);
			name = "Fuzzy Query";
			productName = "Fuzzy Query";
			productReference = E40120D61D15224C0032B4D3 /* Fuzzy Query.app */;
			productType = "com.apple.product-type.application";
		};
		E40120EE1D15224C0032B4D3 /* Fuzzy QueryTests */ = {
			isa = PBXNativeTarget;
			buildConfigurationList = E40121061D15224C0032B4D3 /* Build configuration list for PBXNativeTarget "Fuzzy QueryTests" */;
			buildPhases = (
				E40120EB1D15224C0032B4D3 /* Sources */,
				E40120EC1D15224C0032B4D3 /* Frameworks */,
				E40120ED1D15224C0032B4D3 /* Resources */,
			);
			buildRules = (
			);
			dependencies = (
				E40120F11D15224C0032B4D3 /* PBXTargetDependency */,
			);
			name = "Fuzzy QueryTests";
			productName = "Fuzzy QueryTests";
			productReference = E40120EF1D15224C0032B4D3 /* Fuzzy QueryTests.xctest */;
			productType = "com.apple.product-type.bundle.unit-test";
		};
		E40120F91D15224C0032B4D3 /* Fuzzy QueryUITests */ = {
			isa = PBXNativeTarget;
			buildConfigurationList = E40121091D15224C0032B4D3 /* Build configuration list for PBXNativeTarget "Fuzzy QueryUITests" */;
			buildPhases = (
				E40120F61D15224C0032B4D3 /* Sources */,
				E40120F71D15224C0032B4D3 /* Frameworks */,
				E40120F81D15224C0032B4D3 /* Resources */,
			);
			buildRules = (
			);
			dependencies = (
				E40120FC1D15224C0032B4D3 /* PBXTargetDependency */,
			);
			name = "Fuzzy QueryUITests";
			productName = "Fuzzy QueryUITests";
			productReference = E40120FA1D15224C0032B4D3 /* Fuzzy QueryUITests.xctest */;
			productType = "com.apple.product-type.bundle.ui-testing";
		};
/* End PBXNativeTarget section */

/* Begin PBXProject section */
		E40120CE1D15224C0032B4D3 /* Project object */ = {
			isa = PBXProject;
			attributes = {
				LastUpgradeCheck = 0730;
				ORGANIZATIONNAME = Mille.Yin;
				TargetAttributes = {
					E40120D51D15224C0032B4D3 = {
						CreatedOnToolsVersion = 7.3.1;
						DevelopmentTeam = 2U974MU9D9;
					};
					E40120EE1D15224C0032B4D3 = {
						CreatedOnToolsVersion = 7.3.1;
						TestTargetID = E40120D51D15224C0032B4D3;
					};
					E40120F91D15224C0032B4D3 = {
						CreatedOnToolsVersion = 7.3.1;
						TestTargetID = E40120D51D15224C0032B4D3;
					};
				};
			};
			buildConfigurationList = E40120D11D15224C0032B4D3 /* Build configuration list for PBXProject "Fuzzy Query" */;
			compatibilityVersion = "Xcode 3.2";
			developmentRegion = English;
			hasScannedForEncodings = 0;
			knownRegions = (
				en,
				Base,
			);
			mainGroup = E40120CD1D15224C0032B4D3;
			productRefGroup = E40120D71D15224C0032B4D3 /* Products */;
			projectDirPath = "";
			projectRoot = "";
			targets = (
				E40120D51D15224C0032B4D3 /* Fuzzy Query */,
				E40120EE1D15224C0032B4D3 /* Fuzzy QueryTests */,
				E40120F91D15224C0032B4D3 /* Fuzzy QueryUITests */,
			);
		};
/* End PBXProject section */

/* Begin PBXResourcesBuildPhase section */
		E40120D41D15224C0032B4D3 /* Resources */ = {
			isa = PBXResourcesBuildPhase;
			buildActionMask = 2147483647;
			files = (
				E40121161D1525F10032B4D3 /* LaunchScreen.xib in Resources */,
				E40120E91D15224C0032B4D3 /* LaunchScreen.storyboard in Resources */,
				E40120E61D15224C0032B4D3 /* Assets.xcassets in Resources */,
				E40121191D1526050032B4D3 /* Main.storyboard in Resources */,
			);
			runOnlyForDeploymentPostprocessing = 0;
		};
		E40120ED1D15224C0032B4D3 /* Resources */ = {
			isa = PBXResourcesBuildPhase;
			buildActionMask = 2147483647;
			files = (
			);
			runOnlyForDeploymentPostprocessing = 0;
		};
		E40120F81D15224C0032B4D3 /* Resources */ = {
			isa = PBXResourcesBuildPhase;
			buildActionMask = 2147483647;
			files = (
			);
			runOnlyForDeploymentPostprocessing = 0;
		};
/* End PBXResourcesBuildPhase section */

/* Begin PBXSourcesBuildPhase section */
		E40120D21D15224C0032B4D3 /* Sources */ = {
			isa = PBXSourcesBuildPhase;
			buildActionMask = 2147483647;
			files = (
				E401210F1D1524480032B4D3 /* CGContact.m in Sources */,
				E40120E11D15224C0032B4D3 /* ViewController.m in Sources */,
				E40121131D1524970032B4D3 /* CGContactTool.m in Sources */,
				E40120DE1D15224C0032B4D3 /* AppDelegate.m in Sources */,
				E40120DB1D15224C0032B4D3 /* main.m in Sources */,
			);
			runOnlyForDeploymentPostprocessing = 0;
		};
		E40120EB1D15224C0032B4D3 /* Sources */ = {
			isa = PBXSourcesBuildPhase;
			buildActionMask = 2147483647;
			files = (
				E40120F41D15224C0032B4D3 /* Fuzzy_QueryTests.m in Sources */,
			);
			runOnlyForDeploymentPostprocessing = 0;
		};
		E40120F61D15224C0032B4D3 /* Sources */ = {
			isa = PBXSourcesBuildPhase;
			buildActionMask = 2147483647;
			files = (
				E40120FF1D15224C0032B4D3 /* Fuzzy_QueryUITests.m in Sources */,
			);
			runOnlyForDeploymentPostprocessing = 0;
		};
/* End PBXSourcesBuildPhase section */

/* Begin PBXTargetDependency section */
		E40120F11D15224C0032B4D3 /* PBXTargetDependency */ = {
			isa = PBXTargetDependency;
			target = E40120D51D15224C0032B4D3 /* Fuzzy Query */;
			targetProxy = E40120F01D15224C0032B4D3 /* PBXContainerItemProxy */;
		};
		E40120FC1D15224C0032B4D3 /* PBXTargetDependency */ = {
			isa = PBXTargetDependency;
			target = E40120D51D15224C0032B4D3 /* Fuzzy Query */;
			targetProxy = E40120FB1D15224C0032B4D3 /* PBXContainerItemProxy */;
		};
/* End PBXTargetDependency section */

/* Begin PBXVariantGroup section */
		E40120E71D15224C0032B4D3 /* LaunchScreen.storyboard */ = {
			isa = PBXVariantGroup;
			children = (
				E40120E81D15224C0032B4D3 /* Base */,
			);
			name = LaunchScreen.storyboard;
			sourceTree = "<group>";
		};
		E40121141D1525F10032B4D3 /* LaunchScreen.xib */ = {
			isa = PBXVariantGroup;
			children = (
				E40121151D1525F10032B4D3 /* Base */,
			);
			name = LaunchScreen.xib;
			sourceTree = "<group>";
		};
		E40121171D1526050032B4D3 /* Main.storyboard */ = {
			isa = PBXVariantGroup;
			children = (
				E40121181D1526050032B4D3 /* Base */,
			);
			name = Main.storyboard;
			sourceTree = "<group>";
		};
/* End PBXVariantGroup section */

/* Begin XCBuildConfiguration section */
		E40121011D15224C0032B4D3 /* Debug */ = {
			isa = XCBuildConfiguration;
			buildSettings = {
				ALWAYS_SEARCH_USER_PATHS = NO;
				CLANG_ANALYZER_NONNULL = YES;
				CLANG_CXX_LANGUAGE_STANDARD = "gnu++0x";
				CLANG_CXX_LIBRARY = "libc++";
				CLANG_ENABLE_MODULES = YES;
				CLANG_ENABLE_OBJC_ARC = YES;
				CLANG_WARN_BOOL_CONVERSION = YES;
				CLANG_WARN_CONSTANT_CONVERSION = YES;
				CLANG_WARN_DIRECT_OBJC_ISA_USAGE = YES_ERROR;
				CLANG_WARN_EMPTY_BODY = YES;
				CLANG_WARN_ENUM_CONVERSION = YES;
				CLANG_WARN_INT_CONVERSION = YES;
				CLANG_WARN_OBJC_ROOT_CLASS = YES_ERROR;
				CLANG_WARN_UNREACHABLE_CODE = YES;
				CLANG_WARN__DUPLICATE_METHOD_MATCH = YES;
				"CODE_SIGN_IDENTITY[sdk=iphoneos*]" = "iPhone Developer";
				COPY_PHASE_STRIP = NO;
				DEBUG_INFORMATION_FORMAT = dwarf;
				ENABLE_STRICT_OBJC_MSGSEND = YES;
				ENABLE_TESTABILITY = YES;
				GCC_C_LANGUAGE_STANDARD = gnu99;
				GCC_DYNAMIC_NO_PIC = NO;
				GCC_NO_COMMON_BLOCKS = YES;
				GCC_OPTIMIZATION_LEVEL = 0;
				GCC_PREPROCESSOR_DEFINITIONS = (
					"DEBUG=1",
					"$(inherited)",
				);
				GCC_WARN_64_TO_32_BIT_CONVERSION = YES;
				GCC_WARN_ABOUT_RETURN_TYPE = YES_ERROR;
				GCC_WARN_UNDECLARED_SELECTOR = YES;
				GCC_WARN_UNINITIALIZED_AUTOS = YES_AGGRESSIVE;
				GCC_WARN_UNUSED_FUNCTION = YES;
				GCC_WARN_UNUSED_VARIABLE = YES;
				IPHONEOS_DEPLOYMENT_TARGET = 9.3;
				MTL_ENABLE_DEBUG_INFO = YES;
				ONLY_ACTIVE_ARCH = YES;
				SDKROOT = iphoneos;
				TARGETED_DEVICE_FAMILY = "1,2";
			};
			name = Debug;
		};
		E40121021D15224C0032B4D3 /* Release */ = {
			isa = XCBuildConfiguration;
			buildSettings = {
				ALWAYS_SEARCH_USER_PATHS = NO;
				CLANG_ANALYZER_NONNULL = YES;
				CLANG_CXX_LANGUAGE_STANDARD = "gnu++0x";
				CLANG_CXX_LIBRARY = "libc++";
				CLANG_ENABLE_MODULES = YES;
				CLANG_ENABLE_OBJC_ARC = YES;
				CLANG_WARN_BOOL_CONVERSION = YES;
				CLANG_WARN_CONSTANT_CONVERSION = YES;
				CLANG_WARN_DIRECT_OBJC_ISA_USAGE = YES_ERROR;
				CLANG_WARN_EMPTY_BODY = YES;
				CLANG_WARN_ENUM_CONVERSION = YES;
				CLANG_WARN_INT_CONVERSION = YES;
				CLANG_WARN_OBJC_ROOT_CLASS = YES_ERROR;
				CLANG_WARN_UNREACHABLE_CODE = YES;
				CLANG_WARN__DUPLICATE_METHOD_MATCH = YES;
				"CODE_SIGN_IDENTITY[sdk=iphoneos*]" = "iPhone Developer";
				COPY_PHASE_STRIP = NO;
				DEBUG_INFORMATION_FORMAT = "dwarf-with-dsym";
				ENABLE_NS_ASSERTIONS = NO;
				ENABLE_STRICT_OBJC_MSGSEND = YES;
				GCC_C_LANGUAGE_STANDARD = gnu99;
				GCC_NO_COMMON_BLOCKS = YES;
				GCC_WARN_64_TO_32_BIT_CONVERSION = YES;
				GCC_WARN_ABOUT_RETURN_TYPE = YES_ERROR;
				GCC_WARN_UNDECLARED_SELECTOR = YES;
				GCC_WARN_UNINITIALIZED_AUTOS = YES_AGGRESSIVE;
				GCC_WARN_UNUSED_FUNCTION = YES;
				GCC_WARN_UNUSED_VARIABLE = YES;
				IPHONEOS_DEPLOYMENT_TARGET = 9.3;
				MTL_ENABLE_DEBUG_INFO = NO;
				SDKROOT = iphoneos;
				TARGETED_DEVICE_FAMILY = "1,2";
				VALIDATE_PRODUCT = YES;
			};
			name = Release;
		};
		E40121041D15224C0032B4D3 /* Debug */ = {
			isa = XCBuildConfiguration;
			buildSettings = {
				ASSETCATALOG_COMPILER_APPICON_NAME = AppIcon;
				CODE_SIGN_IDENTITY = "iPhone Developer";
				INFOPLIST_FILE = "Fuzzy Query/Info.plist";
				LD_RUNPATH_SEARCH_PATHS = "$(inherited) @executable_path/Frameworks";
				PRODUCT_BUNDLE_IDENTIFIER = "Demo.Fuzzy-Query";
				PRODUCT_NAME = "$(TARGET_NAME)";
			};
			name = Debug;
		};
		E40121051D15224C0032B4D3 /* Release */ = {
			isa = XCBuildConfiguration;
			buildSettings = {
				ASSETCATALOG_COMPILER_APPICON_NAME = AppIcon;
				CODE_SIGN_IDENTITY = "iPhone Developer";
				INFOPLIST_FILE = "Fuzzy Query/Info.plist";
				LD_RUNPATH_SEARCH_PATHS = "$(inherited) @executable_path/Frameworks";
				PRODUCT_BUNDLE_IDENTIFIER = "Demo.Fuzzy-Query";
				PRODUCT_NAME = "$(TARGET_NAME)";
			};
			name = Release;
		};
		E40121071D15224C0032B4D3 /* Debug */ = {
			isa = XCBuildConfiguration;
			buildSettings = {
				BUNDLE_LOADER = "$(TEST_HOST)";
				INFOPLIST_FILE = "Fuzzy QueryTests/Info.plist";
				LD_RUNPATH_SEARCH_PATHS = "$(inherited) @executable_path/Frameworks @loader_path/Frameworks";
				PRODUCT_BUNDLE_IDENTIFIER = "Demo.Fuzzy-QueryTests";
				PRODUCT_NAME = "$(TARGET_NAME)";
				TEST_HOST = "$(BUILT_PRODUCTS_DIR)/Fuzzy Query.app/Fuzzy Query";
			};
			name = Debug;
		};
		E40121081D15224C0032B4D3 /* Release */ = {
			isa = XCBuildConfiguration;
			buildSettings = {
				BUNDLE_LOADER = "$(TEST_HOST)";
				INFOPLIST_FILE = "Fuzzy QueryTests/Info.plist";
				LD_RUNPATH_SEARCH_PATHS = "$(inherited) @executable_path/Frameworks @loader_path/Frameworks";
				PRODUCT_BUNDLE_IDENTIFIER = "Demo.Fuzzy-QueryTests";
				PRODUCT_NAME = "$(TARGET_NAME)";
				TEST_HOST = "$(BUILT_PRODUCTS_DIR)/Fuzzy Query.app/Fuzzy Query";
			};
			name = Release;
		};
		E401210A1D15224C0032B4D3 /* Debug */ = {
			isa = XCBuildConfiguration;
			buildSettings = {
				INFOPLIST_FILE = "Fuzzy QueryUITests/Info.plist";
				LD_RUNPATH_SEARCH_PATHS = "$(inherited) @executable_path/Frameworks @loader_path/Frameworks";
				PRODUCT_BUNDLE_IDENTIFIER = "Demo.Fuzzy-QueryUITests";
				PRODUCT_NAME = "$(TARGET_NAME)";
				TEST_TARGET_NAME = "Fuzzy Query";
			};
			name = Debug;
		};
		E401210B1D15224C0032B4D3 /* Release */ = {
			isa = XCBuildConfiguration;
			buildSettings = {
				INFOPLIST_FILE = "Fuzzy QueryUITests/Info.plist";
				LD_RUNPATH_SEARCH_PATHS = "$(inherited) @executable_path/Frameworks @loader_path/Frameworks";
				PRODUCT_BUNDLE_IDENTIFIER = "Demo.Fuzzy-QueryUITests";
				PRODUCT_NAME = "$(TARGET_NAME)";
				TEST_TARGET_NAME = "Fuzzy Query";
			};
			name = Release;
		};
/* End XCBuildConfiguration section */

/* Begin XCConfigurationList section */
		E40120D11D15224C0032B4D3 /* Build configuration list for PBXProject "Fuzzy Query" */ = {
			isa = XCConfigurationList;
			buildConfigurations = (
				E40121011D15224C0032B4D3 /* Debug */,
				E40121021D15224C0032B4D3 /* Release */,
			);
			defaultConfigurationIsVisible = 0;
			defaultConfigurationName = Release;
		};
		E40121031D15224C0032B4D3 /* Build configuration list for PBXNativeTarget "Fuzzy Query" */ = {
			isa = XCConfigurationList;
			buildConfigurations = (
				E40121041D15224C0032B4D3 /* Debug */,
				E40121051D15224C0032B4D3 /* Release */,
			);
			defaultConfigurationIsVisible = 0;
			defaultConfigurationName = Release;
		};
		E40121061D15224C0032B4D3 /* Build configuration list for PBXNativeTarget "Fuzzy QueryTests" */ = {
			isa = XCConfigurationList;
			buildConfigurations = (
				E40121071D15224C0032B4D3 /* Debug */,
				E40121081D15224C0032B4D3 /* Release */,
			);
			defaultConfigurationIsVisible = 0;
			defaultConfigurationName = Release;
		};
		E40121091D15224C0032B4D3 /* Build configuration list for PBXNativeTarget "Fuzzy QueryUITests" */ = {
			isa = XCConfigurationList;
			buildConfigurations = (
				E401210A1D15224C0032B4D3 /* Debug */,
				E401210B1D15224C0032B4D3 /* Release */,
			);
			defaultConfigurationIsVisible = 0;
			defaultConfigurationName = Release;
		};
/* End XCConfigurationList section */
	};
	rootObject = E40120CE1D15224C0032B4D3 /* Project object */;
}
